
Microsoft Visual Studio Solution File, Format Version 12.00
# Visual Studio Version 17
VisualStudioVersion = 17.8.34309.116
MinimumVisualStudioVersion = 10.0.40219.1
Project("{FAE04EC0-301F-11D3-BF4B-00C04F79EFBC}") = "marking-test-task", "marking-test-task\marking-test-task.csproj", "{B00604F5-FD4A-488D-A4E2-D2DB59A01475}"
EndProject
Global
	GlobalSection(SolutionConfigurationPlatforms) = preSolution
		Debug|Any CPU = Debug|Any CPU
		Release|Any CPU = Release|Any CPU
	EndGlobalSection
	GlobalSection(ProjectConfigurationPlatforms) = postSolution
		{B00604F5-FD4A-488D-A4E2-D2DB59A01475}.Debug|Any CPU.ActiveCfg = Debug|Any CPU
		{B00604F5-FD4A-488D-A4E2-D2DB59A01475}.Debug|Any CPU.Build.0 = Debug|Any CPU
		{B00604F5-FD4A-488D-A4E2-D2DB59A01475}.Release|Any CPU.ActiveCfg = Release|Any CPU
		{B00604F5-FD4A-488D-A4E2-D2DB59A01475}.Release|Any CPU.Build.0 = Release|Any CPU
	EndGlobalSection
	GlobalSection(SolutionProperties) = preSolution
		HideSolutionNode = FALSE
	EndGlobalSection
	GlobalSection(ExtensibilityGlobals) = postSolution
		SolutionGuid = {C0BD2B4B-82D9-4132-A9C9-F7B7BF7FF603}
	EndGlobalSection
EndGlobal
